
Microsoft Visual Studio Solution File, Format Version 12.00
Project("{FAE04EC0-301F-11D3-BF4B-00C04F79EFBC}") = "Tonla.Api", "src\Tonla.Api\Tonla.Api.csproj", "{0DA9B091-AF32-4A51-8055-AE9691240D05}"
EndProject
Global
	GlobalSection(SolutionConfigurationPlatforms) = preSolution
		Debug|Any CPU = Debug|Any CPU
		Release|Any CPU = Release|Any CPU
	EndGlobalSection
	GlobalSection(ProjectConfigurationPlatforms) = postSolution
		{0DA9B091-AF32-4A51-8055-AE9691240D05}.Debug|Any CPU.ActiveCfg = Debug|Any CPU
		{0DA9B091-AF32-4A51-8055-AE9691240D05}.Debug|Any CPU.Build.0 = Debug|Any CPU
		{0DA9B091-AF32-4A51-8055-AE9691240D05}.Release|Any CPU.ActiveCfg = Release|Any CPU
		{0DA9B091-AF32-4A51-8055-AE9691240D05}.Release|Any CPU.Build.0 = Release|Any CPU
	EndGlobalSection
EndGlobal
